
Microsoft Visual Studio Solution File, Format Version 12.00
# Visual Studio Version 17
VisualStudioVersion = 17.9.34714.143
MinimumVisualStudioVersion = 10.0.40219.1
Project("{FAE04EC0-301F-11D3-BF4B-00C04F79EFBC}") = "Sensors", "Sensors\Sensors.csproj", "{E7C4A1A8-70F6-410C-9639-6050CEC9B31E}"
EndProject
Global
	GlobalSection(SolutionConfigurationPlatforms) = preSolution
		Debug|Any CPU = Debug|Any CPU
		Release|Any CPU = Release|Any CPU
	EndGlobalSection
	GlobalSection(ProjectConfigurationPlatforms) = postSolution
		{E7C4A1A8-70F6-410C-9639-6050CEC9B31E}.Debug|Any CPU.ActiveCfg = Debug|Any CPU
		{E7C4A1A8-70F6-410C-9639-6050CEC9B31E}.Debug|Any CPU.Build.0 = Debug|Any CPU
		{E7C4A1A8-70F6-410C-9639-6050CEC9B31E}.Debug|Any CPU.Deploy.0 = Debug|Any CPU
		{E7C4A1A8-70F6-410C-9639-6050CEC9B31E}.Release|Any CPU.ActiveCfg = Release|Any CPU
		{E7C4A1A8-70F6-410C-9639-6050CEC9B31E}.Release|Any CPU.Build.0 = Release|Any CPU
		{E7C4A1A8-70F6-410C-9639-6050CEC9B31E}.Release|Any CPU.Deploy.0 = Release|Any CPU
	EndGlobalSection
	GlobalSection(SolutionProperties) = preSolution
		HideSolutionNode = FALSE
	EndGlobalSection
	GlobalSection(ExtensibilityGlobals) = postSolution
		SolutionGuid = {A9477D52-477B-461B-ABFA-0F9BDEBEC2D0}
	EndGlobalSection
EndGlobal
